{
	"name": "@atlas.js/component",
	"version": "2.2.0",
	"lockfileVersion": 1,
	"requires": true,
	"dependencies": {
		"@types/events": {
			"version": "3.0.0",
			"resolved": "https://registry.npmjs.org/@types/events/-/events-3.0.0.tgz",
			"integrity": "sha512-EaObqwIvayI5a8dCzhFrjKzVwKLxjoG9T6Ppd5CEo07LRKfQ8Yokw54r5+Wq7FaBQ+yXRvQAYPrHwya1/UFt9g=="
		},
		"@types/node": {
			"version": "11.13.0",
			"resolved": "https://registry.npmjs.org/@types/node/-/node-11.13.0.tgz",
			"integrity": "sha512-rx29MMkRdVmzunmiA4lzBYJNnXsW/PhG4kMBy2ATsYaDjGGR75dCFEVVROKpNwlVdcUX3xxlghKQOeDPBJobng=="
		},
		"@types/pino": {
			"version": "4.16.1",
			"resolved": "https://registry.npmjs.org/@types/pino/-/pino-4.16.1.tgz",
			"integrity": "sha512-uYEhZ3jsuiYFsPcR34fbxVlrqzqphc+QQ3fU4rWR6PXH8ka2TKvPBjtkNqj8oBHouVGf4GCRfyPb7FG2TEtPZA==",
			"requires": {
				"@types/events": "*",
				"@types/node": "*"
			}
		}
	}
}
