{
	"name": "@atlas.js/component",
	"version": "2.3.0",
	"lockfileVersion": 1,
	"requires": true,
	"dependencies": {
		"@types/node": {
			"version": "12.0.8",
			"resolved": "https://registry.npmjs.org/@types/node/-/node-12.0.8.tgz",
			"integrity": "sha512-b8bbUOTwzIY3V5vDTY1fIJ+ePKDUBqt2hC2woVGotdQQhG/2Sh62HOKHrT7ab+VerXAcPyAiTEipPu/FsreUtg=="
		},
		"@types/pino": {
			"version": "5.8.8",
			"resolved": "https://registry.npmjs.org/@types/pino/-/pino-5.8.8.tgz",
			"integrity": "sha512-SxAdLtEpPkVUdnI3iCUjyFC7WVLFiebyzqypvkuJVo7dyK6BPuQ4lTOuZRKpbEdgG386l5HgfqpymL3oWLOUXg==",
			"requires": {
				"@types/node": "*",
				"@types/sonic-boom": "*"
			}
		},
		"@types/sonic-boom": {
			"version": "0.6.2",
			"resolved": "https://registry.npmjs.org/@types/sonic-boom/-/sonic-boom-0.6.2.tgz",
			"integrity": "sha512-vP9Sn1tuz/BTh8L1o776Cbzr+WH4dZGmRXOjQ5L+IVQx40hUmvOS2wfIkqUsID1vL62tThWdlXWIqijwewu3mw==",
			"requires": {
				"@types/node": "*"
			}
		}
	}
}
