{
	"name": "@atlas.js/component",
	"version": "2.3.0",
	"lockfileVersion": 1,
	"requires": true,
	"dependencies": {
		"@types/node": {
			"version": "11.13.7",
			"resolved": "https://registry.npmjs.org/@types/node/-/node-11.13.7.tgz",
			"integrity": "sha512-suFHr6hcA9mp8vFrZTgrmqW2ZU3mbWsryQtQlY/QvwTISCw7nw/j+bCQPPohqmskhmqa5wLNuMHTTsc+xf1MQg=="
		},
		"@types/pino": {
			"version": "5.8.6",
			"resolved": "https://registry.npmjs.org/@types/pino/-/pino-5.8.6.tgz",
			"integrity": "sha512-3hKjgaAXi8FALboVw1LC+3wiQN+bLZ/byzVgRI65XZxdVLSgjIl3kMVh2etKEdQ96qUgMd6bhNtzrUwh1e1x9g==",
			"requires": {
				"@types/node": "*",
				"@types/sonic-boom": "*"
			}
		},
		"@types/sonic-boom": {
			"version": "0.6.2",
			"resolved": "https://registry.npmjs.org/@types/sonic-boom/-/sonic-boom-0.6.2.tgz",
			"integrity": "sha512-vP9Sn1tuz/BTh8L1o776Cbzr+WH4dZGmRXOjQ5L+IVQx40hUmvOS2wfIkqUsID1vL62tThWdlXWIqijwewu3mw==",
			"requires": {
				"@types/node": "*"
			}
		}
	}
}
