{
	"requires": true,
	"lockfileVersion": 1,
	"dependencies": {
		"@types/geojson": {
			"version": "1.0.3",
			"resolved": "https://registry.npmjs.org/@types/geojson/-/geojson-1.0.3.tgz",
			"integrity": "sha512-unWrGQhXRrNTk/MabfBLCM/rWT6zxR1OSK0GIPxsP8NX8mJcsNWkERPp4z0pTyHLiANy+Nwczf8Q2I16Pth1FA=="
		},
		"@types/node": {
			"version": "8.0.31",
			"resolved": "https://registry.npmjs.org/@types/node/-/node-8.0.31.tgz",
			"integrity": "sha512-R+LdMJHJQwRd/Ca0Nr5KnwbSWHxTD3DWz4ivqoPeNH+YPcuirMWK+Ti9Mx32jOecmPhHOCd+6CefU5e1eVq2Ew=="
		},
		"babel-runtime": {
			"version": "6.26.0",
			"resolved": "https://registry.npmjs.org/babel-runtime/-/babel-runtime-6.26.0.tgz",
			"integrity": "sha1-llxwWGaOgrVde/4E/yM3vItWR/4=",
			"requires": {
				"core-js": "2.5.1",
				"regenerator-runtime": "0.11.0"
			}
		},
		"bluebird": {
			"version": "3.5.0",
			"resolved": "https://registry.npmjs.org/bluebird/-/bluebird-3.5.0.tgz",
			"integrity": "sha1-eRQg1/VR7qKJdFOop3ZT+WYG1nw="
		},
		"cls-bluebird": {
			"version": "2.0.1",
			"resolved": "https://registry.npmjs.org/cls-bluebird/-/cls-bluebird-2.0.1.tgz",
			"integrity": "sha1-wlmkgK4CwOUGE0MHuxPbMERu4uc=",
			"requires": {
				"is-bluebird": "1.0.2",
				"shimmer": "1.1.0"
			}
		},
		"core-js": {
			"version": "2.5.1",
			"resolved": "https://registry.npmjs.org/core-js/-/core-js-2.5.1.tgz",
			"integrity": "sha1-rmh03GaTd4m4B1T/VCjfZoGcpQs="
		},
		"debug": {
			"version": "3.0.1",
			"resolved": "https://registry.npmjs.org/debug/-/debug-3.0.1.tgz",
			"integrity": "sha512-6nVc6S36qbt/mutyt+UGMnawAMrPDZUPQjRZI3FS9tCtDRhvxJbK79unYBLPi+z5SLXQ3ftoVBFCblQtNSls8w==",
			"requires": {
				"ms": "2.0.0"
			}
		},
		"depd": {
			"version": "1.1.1",
			"resolved": "https://registry.npmjs.org/depd/-/depd-1.1.1.tgz",
			"integrity": "sha1-V4O04cRZ8G+lyif5kfPQbnoxA1k="
		},
		"dottie": {
			"version": "2.0.0",
			"resolved": "https://registry.npmjs.org/dottie/-/dottie-2.0.0.tgz",
			"integrity": "sha1-2hkZgci41xPKARXViYzzl8Lw3dA="
		},
		"generic-pool": {
			"version": "3.1.8",
			"resolved": "https://registry.npmjs.org/generic-pool/-/generic-pool-3.1.8.tgz",
			"integrity": "sha1-CYRLZUW8kXfsIYvTXUrYlMZb4nE="
		},
		"inflection": {
			"version": "1.12.0",
			"resolved": "https://registry.npmjs.org/inflection/-/inflection-1.12.0.tgz",
			"integrity": "sha1-ogCTVlbW9fa8TcdQLhrstwMihBY="
		},
		"is-bluebird": {
			"version": "1.0.2",
			"resolved": "https://registry.npmjs.org/is-bluebird/-/is-bluebird-1.0.2.tgz",
			"integrity": "sha1-CWQ5Bg9KpBGr7hkUOoTWpVNG1uI="
		},
		"lodash": {
			"version": "4.17.4",
			"resolved": "https://registry.npmjs.org/lodash/-/lodash-4.17.4.tgz",
			"integrity": "sha1-eCA6TRwyiuHYbcpkYONptX9AVa4="
		},
		"moment": {
			"version": "2.18.1",
			"resolved": "https://registry.npmjs.org/moment/-/moment-2.18.1.tgz",
			"integrity": "sha1-w2GT3Tzhwu7SrbfIAtu8d6gbHA8="
		},
		"moment-timezone": {
			"version": "0.5.13",
			"resolved": "https://registry.npmjs.org/moment-timezone/-/moment-timezone-0.5.13.tgz",
			"integrity": "sha1-mc5cfYJyYusPH3AgRBd/YHRde5A=",
			"requires": {
				"moment": "2.18.1"
			}
		},
		"ms": {
			"version": "2.0.0",
			"resolved": "https://registry.npmjs.org/ms/-/ms-2.0.0.tgz",
			"integrity": "sha1-VgiurfwAvmwpAd9fmGF4jeDVl8g="
		},
		"nan": {
			"version": "2.7.0",
			"resolved": "https://registry.npmjs.org/nan/-/nan-2.7.0.tgz",
			"integrity": "sha1-2Vv3IeyHfgjbJ27T/G63j5CDrUY="
		},
		"path-parse": {
			"version": "1.0.5",
			"resolved": "https://registry.npmjs.org/path-parse/-/path-parse-1.0.5.tgz",
			"integrity": "sha1-PBrfhx6pzWyUMbbqK9dKD/BVxME="
		},
		"regenerator-runtime": {
			"version": "0.11.0",
			"resolved": "https://registry.npmjs.org/regenerator-runtime/-/regenerator-runtime-0.11.0.tgz",
			"integrity": "sha512-/aA0kLeRb5N9K0d4fw7ooEbI+xDe+DKD499EQqygGqeS8N3xto15p09uY2xj7ixP81sNPXvRLnAQIqdVStgb1A=="
		},
		"resolve": {
			"version": "1.4.0",
			"resolved": "https://registry.npmjs.org/resolve/-/resolve-1.4.0.tgz",
			"integrity": "sha512-aW7sVKPufyHqOmyyLzg/J+8606v5nevBgaliIlV7nUpVMsDnoBGV/cbSLNjZAg9q0Cfd/+easKVKQ8vOu8fn1Q==",
			"requires": {
				"path-parse": "1.0.5"
			}
		},
		"retry-as-promised": {
			"version": "2.3.1",
			"resolved": "https://registry.npmjs.org/retry-as-promised/-/retry-as-promised-2.3.1.tgz",
			"integrity": "sha1-91BZGD+XMHccCbrR7tV1N5McvJ0=",
			"requires": {
				"bluebird": "3.5.0",
				"debug": "2.6.9"
			},
			"dependencies": {
				"debug": {
					"version": "2.6.9",
					"resolved": "https://registry.npmjs.org/debug/-/debug-2.6.9.tgz",
					"integrity": "sha512-bC7ElrdJaJnPbAP+1EotYvqZsb3ecl5wi6Bfi6BJTUcNowp6cvspg0jXznRTKDjm/E7AdgFBVeAPVMNcKGsHMA==",
					"requires": {
						"ms": "2.0.0"
					}
				}
			}
		},
		"semver": {
			"version": "5.4.1",
			"resolved": "https://registry.npmjs.org/semver/-/semver-5.4.1.tgz",
			"integrity": "sha512-WfG/X9+oATh81XtllIo/I8gOiY9EXRdv1cQdyykeXK17YcUW3EXUAi2To4pcH6nZtJPr7ZOpM5OMyWJZm+8Rsg=="
		},
		"sequelize": {
			"version": "4.11.0",
			"resolved": "https://registry.npmjs.org/sequelize/-/sequelize-4.11.0.tgz",
			"integrity": "sha512-fUtSwx5RRnfJH/nJ6d9KJknH7N6obqao8FO4skiOkloZIzF5xtDdWvPqHvgD7578nSKh9Q1p0zeqc/zJgo32sw==",
			"requires": {
				"bluebird": "3.5.0",
				"cls-bluebird": "2.0.1",
				"debug": "3.0.1",
				"depd": "1.1.1",
				"dottie": "2.0.0",
				"generic-pool": "3.1.8",
				"inflection": "1.12.0",
				"lodash": "4.17.4",
				"moment": "2.18.1",
				"moment-timezone": "0.5.13",
				"retry-as-promised": "2.3.1",
				"semver": "5.4.1",
				"terraformer-wkt-parser": "1.1.2",
				"toposort-class": "1.0.1",
				"uuid": "3.1.0",
				"validator": "8.2.0",
				"wkx": "0.4.2"
			}
		},
		"shimmer": {
			"version": "1.1.0",
			"resolved": "https://registry.npmjs.org/shimmer/-/shimmer-1.1.0.tgz",
			"integrity": "sha1-l9c3cTf/u6tCVSLkKf4KqJpIizU="
		},
		"sqlite3": {
			"version": "3.1.12",
			"resolved": "https://registry.npmjs.org/sqlite3/-/sqlite3-3.1.12.tgz",
			"integrity": "sha1-KzoUsXFi456KpuHiSHpB0HlTltg=",
			"requires": {
				"nan": "2.7.0",
				"node-pre-gyp": "0.6.38"
			},
			"dependencies": {
				"node-pre-gyp": {
					"version": "0.6.38",
					"bundled": true,
					"requires": {
						"hawk": "3.1.3",
						"mkdirp": "0.5.1",
						"nopt": "4.0.1",
						"npmlog": "4.1.2",
						"rc": "1.2.1",
						"request": "2.81.0",
						"rimraf": "2.6.2",
						"semver": "5.4.1",
						"tar": "2.2.1",
						"tar-pack": "3.4.0"
					},
					"dependencies": {
						"hawk": {
							"version": "3.1.3",
							"bundled": true,
							"requires": {
								"boom": "2.10.1",
								"cryptiles": "2.0.5",
								"hoek": "2.16.3",
								"sntp": "1.0.9"
							},
							"dependencies": {
								"boom": {
									"version": "2.10.1",
									"bundled": true,
									"requires": {
										"hoek": "2.16.3"
									}
								},
								"cryptiles": {
									"version": "2.0.5",
									"bundled": true,
									"requires": {
										"boom": "2.10.1"
									}
								},
								"hoek": {
									"version": "2.16.3",
									"bundled": true
								},
								"sntp": {
									"version": "1.0.9",
									"bundled": true,
									"requires": {
										"hoek": "2.16.3"
									}
								}
							}
						},
						"mkdirp": {
							"version": "0.5.1",
							"bundled": true,
							"requires": {
								"minimist": "0.0.8"
							},
							"dependencies": {
								"minimist": {
									"version": "0.0.8",
									"bundled": true
								}
							}
						},
						"nopt": {
							"version": "4.0.1",
							"bundled": true,
							"requires": {
								"abbrev": "1.1.0",
								"osenv": "0.1.4"
							},
							"dependencies": {
								"abbrev": {
									"version": "1.1.0",
									"bundled": true
								},
								"osenv": {
									"version": "0.1.4",
									"bundled": true,
									"requires": {
										"os-homedir": "1.0.2",
										"os-tmpdir": "1.0.2"
									},
									"dependencies": {
										"os-homedir": {
											"version": "1.0.2",
											"bundled": true
										},
										"os-tmpdir": {
											"version": "1.0.2",
											"bundled": true
										}
									}
								}
							}
						},
						"npmlog": {
							"version": "4.1.2",
							"bundled": true,
							"requires": {
								"are-we-there-yet": "1.1.4",
								"console-control-strings": "1.1.0",
								"gauge": "2.7.4",
								"set-blocking": "2.0.0"
							},
							"dependencies": {
								"are-we-there-yet": {
									"version": "1.1.4",
									"bundled": true,
									"requires": {
										"delegates": "1.0.0",
										"readable-stream": "2.3.3"
									},
									"dependencies": {
										"delegates": {
											"version": "1.0.0",
											"bundled": true
										},
										"readable-stream": {
											"version": "2.3.3",
											"bundled": true,
											"requires": {
												"core-util-is": "1.0.2",
												"inherits": "2.0.3",
												"isarray": "1.0.0",
												"process-nextick-args": "1.0.7",
												"safe-buffer": "5.1.1",
												"string_decoder": "1.0.3",
												"util-deprecate": "1.0.2"
											},
											"dependencies": {
												"core-util-is": {
													"version": "1.0.2",
													"bundled": true
												},
												"inherits": {
													"version": "2.0.3",
													"bundled": true
												},
												"isarray": {
													"version": "1.0.0",
													"bundled": true
												},
												"process-nextick-args": {
													"version": "1.0.7",
													"bundled": true
												},
												"safe-buffer": {
													"version": "5.1.1",
													"bundled": true
												},
												"string_decoder": {
													"version": "1.0.3",
													"bundled": true,
													"requires": {
														"safe-buffer": "5.1.1"
													}
												},
												"util-deprecate": {
													"version": "1.0.2",
													"bundled": true
												}
											}
										}
									}
								},
								"console-control-strings": {
									"version": "1.1.0",
									"bundled": true
								},
								"gauge": {
									"version": "2.7.4",
									"bundled": true,
									"requires": {
										"aproba": "1.2.0",
										"console-control-strings": "1.1.0",
										"has-unicode": "2.0.1",
										"object-assign": "4.1.1",
										"signal-exit": "3.0.2",
										"string-width": "1.0.2",
										"strip-ansi": "3.0.1",
										"wide-align": "1.1.2"
									},
									"dependencies": {
										"aproba": {
											"version": "1.2.0",
											"bundled": true
										},
										"has-unicode": {
											"version": "2.0.1",
											"bundled": true
										},
										"object-assign": {
											"version": "4.1.1",
											"bundled": true
										},
										"signal-exit": {
											"version": "3.0.2",
											"bundled": true
										},
										"string-width": {
											"version": "1.0.2",
											"bundled": true,
											"requires": {
												"code-point-at": "1.1.0",
												"is-fullwidth-code-point": "1.0.0",
												"strip-ansi": "3.0.1"
											},
											"dependencies": {
												"code-point-at": {
													"version": "1.1.0",
													"bundled": true
												},
												"is-fullwidth-code-point": {
													"version": "1.0.0",
													"bundled": true,
													"requires": {
														"number-is-nan": "1.0.1"
													},
													"dependencies": {
														"number-is-nan": {
															"version": "1.0.1",
															"bundled": true
														}
													}
												}
											}
										},
										"strip-ansi": {
											"version": "3.0.1",
											"bundled": true,
											"requires": {
												"ansi-regex": "2.1.1"
											},
											"dependencies": {
												"ansi-regex": {
													"version": "2.1.1",
													"bundled": true
												}
											}
										},
										"wide-align": {
											"version": "1.1.2",
											"bundled": true,
											"requires": {
												"string-width": "1.0.2"
											}
										}
									}
								},
								"set-blocking": {
									"version": "2.0.0",
									"bundled": true
								}
							}
						},
						"rc": {
							"version": "1.2.1",
							"bundled": true,
							"requires": {
								"deep-extend": "0.4.2",
								"ini": "1.3.4",
								"minimist": "1.2.0",
								"strip-json-comments": "2.0.1"
							},
							"dependencies": {
								"deep-extend": {
									"version": "0.4.2",
									"bundled": true
								},
								"ini": {
									"version": "1.3.4",
									"bundled": true
								},
								"minimist": {
									"version": "1.2.0",
									"bundled": true
								},
								"strip-json-comments": {
									"version": "2.0.1",
									"bundled": true
								}
							}
						},
						"request": {
							"version": "2.81.0",
							"bundled": true,
							"requires": {
								"aws-sign2": "0.6.0",
								"aws4": "1.6.0",
								"caseless": "0.12.0",
								"combined-stream": "1.0.5",
								"extend": "3.0.1",
								"forever-agent": "0.6.1",
								"form-data": "2.1.4",
								"har-validator": "4.2.1",
								"hawk": "3.1.3",
								"http-signature": "1.1.1",
								"is-typedarray": "1.0.0",
								"isstream": "0.1.2",
								"json-stringify-safe": "5.0.1",
								"mime-types": "2.1.17",
								"oauth-sign": "0.8.2",
								"performance-now": "0.2.0",
								"qs": "6.4.0",
								"safe-buffer": "5.1.1",
								"stringstream": "0.0.5",
								"tough-cookie": "2.3.3",
								"tunnel-agent": "0.6.0",
								"uuid": "3.1.0"
							},
							"dependencies": {
								"aws-sign2": {
									"version": "0.6.0",
									"bundled": true
								},
								"aws4": {
									"version": "1.6.0",
									"bundled": true
								},
								"caseless": {
									"version": "0.12.0",
									"bundled": true
								},
								"combined-stream": {
									"version": "1.0.5",
									"bundled": true,
									"requires": {
										"delayed-stream": "1.0.0"
									},
									"dependencies": {
										"delayed-stream": {
											"version": "1.0.0",
											"bundled": true
										}
									}
								},
								"extend": {
									"version": "3.0.1",
									"bundled": true
								},
								"forever-agent": {
									"version": "0.6.1",
									"bundled": true
								},
								"form-data": {
									"version": "2.1.4",
									"bundled": true,
									"requires": {
										"asynckit": "0.4.0",
										"combined-stream": "1.0.5",
										"mime-types": "2.1.17"
									},
									"dependencies": {
										"asynckit": {
											"version": "0.4.0",
											"bundled": true
										}
									}
								},
								"har-validator": {
									"version": "4.2.1",
									"bundled": true,
									"requires": {
										"ajv": "4.11.8",
										"har-schema": "1.0.5"
									},
									"dependencies": {
										"ajv": {
											"version": "4.11.8",
											"bundled": true,
											"requires": {
												"co": "4.6.0",
												"json-stable-stringify": "1.0.1"
											},
											"dependencies": {
												"co": {
													"version": "4.6.0",
													"bundled": true
												},
												"json-stable-stringify": {
													"version": "1.0.1",
													"bundled": true,
													"requires": {
														"jsonify": "0.0.0"
													},
													"dependencies": {
														"jsonify": {
															"version": "0.0.0",
															"bundled": true
														}
													}
												}
											}
										},
										"har-schema": {
											"version": "1.0.5",
											"bundled": true
										}
									}
								},
								"http-signature": {
									"version": "1.1.1",
									"bundled": true,
									"requires": {
										"assert-plus": "0.2.0",
										"jsprim": "1.4.1",
										"sshpk": "1.13.1"
									},
									"dependencies": {
										"assert-plus": {
											"version": "0.2.0",
											"bundled": true
										},
										"jsprim": {
											"version": "1.4.1",
											"bundled": true,
											"requires": {
												"assert-plus": "1.0.0",
												"extsprintf": "1.3.0",
												"json-schema": "0.2.3",
												"verror": "1.10.0"
											},
											"dependencies": {
												"assert-plus": {
													"version": "1.0.0",
													"bundled": true
												},
												"extsprintf": {
													"version": "1.3.0",
													"bundled": true
												},
												"json-schema": {
													"version": "0.2.3",
													"bundled": true
												},
												"verror": {
													"version": "1.10.0",
													"bundled": true,
													"requires": {
														"assert-plus": "1.0.0",
														"core-util-is": "1.0.2",
														"extsprintf": "1.3.0"
													},
													"dependencies": {
														"core-util-is": {
															"version": "1.0.2",
															"bundled": true
														}
													}
												}
											}
										},
										"sshpk": {
											"version": "1.13.1",
											"bundled": true,
											"requires": {
												"asn1": "0.2.3",
												"assert-plus": "1.0.0",
												"bcrypt-pbkdf": "1.0.1",
												"dashdash": "1.14.1",
												"ecc-jsbn": "0.1.1",
												"getpass": "0.1.7",
												"jsbn": "0.1.1",
												"tweetnacl": "0.14.5"
											},
											"dependencies": {
												"asn1": {
													"version": "0.2.3",
													"bundled": true
												},
												"assert-plus": {
													"version": "1.0.0",
													"bundled": true
												},
												"bcrypt-pbkdf": {
													"version": "1.0.1",
													"bundled": true,
													"optional": true,
													"requires": {
														"tweetnacl": "0.14.5"
													}
												},
												"dashdash": {
													"version": "1.14.1",
													"bundled": true,
													"requires": {
														"assert-plus": "1.0.0"
													}
												},
												"ecc-jsbn": {
													"version": "0.1.1",
													"bundled": true,
													"optional": true,
													"requires": {
														"jsbn": "0.1.1"
													}
												},
												"getpass": {
													"version": "0.1.7",
													"bundled": true,
													"requires": {
														"assert-plus": "1.0.0"
													}
												},
												"jsbn": {
													"version": "0.1.1",
													"bundled": true,
													"optional": true
												},
												"tweetnacl": {
													"version": "0.14.5",
													"bundled": true,
													"optional": true
												}
											}
										}
									}
								},
								"is-typedarray": {
									"version": "1.0.0",
									"bundled": true
								},
								"isstream": {
									"version": "0.1.2",
									"bundled": true
								},
								"json-stringify-safe": {
									"version": "5.0.1",
									"bundled": true
								},
								"mime-types": {
									"version": "2.1.17",
									"bundled": true,
									"requires": {
										"mime-db": "1.30.0"
									},
									"dependencies": {
										"mime-db": {
											"version": "1.30.0",
											"bundled": true
										}
									}
								},
								"oauth-sign": {
									"version": "0.8.2",
									"bundled": true
								},
								"performance-now": {
									"version": "0.2.0",
									"bundled": true
								},
								"qs": {
									"version": "6.4.0",
									"bundled": true
								},
								"safe-buffer": {
									"version": "5.1.1",
									"bundled": true
								},
								"stringstream": {
									"version": "0.0.5",
									"bundled": true
								},
								"tough-cookie": {
									"version": "2.3.3",
									"bundled": true,
									"requires": {
										"punycode": "1.4.1"
									},
									"dependencies": {
										"punycode": {
											"version": "1.4.1",
											"bundled": true
										}
									}
								},
								"tunnel-agent": {
									"version": "0.6.0",
									"bundled": true,
									"requires": {
										"safe-buffer": "5.1.1"
									}
								},
								"uuid": {
									"version": "3.1.0",
									"bundled": true
								}
							}
						},
						"rimraf": {
							"version": "2.6.2",
							"bundled": true,
							"requires": {
								"glob": "7.1.2"
							},
							"dependencies": {
								"glob": {
									"version": "7.1.2",
									"bundled": true,
									"requires": {
										"fs.realpath": "1.0.0",
										"inflight": "1.0.6",
										"inherits": "2.0.3",
										"minimatch": "3.0.4",
										"once": "1.4.0",
										"path-is-absolute": "1.0.1"
									},
									"dependencies": {
										"fs.realpath": {
											"version": "1.0.0",
											"bundled": true
										},
										"inflight": {
											"version": "1.0.6",
											"bundled": true,
											"requires": {
												"once": "1.4.0",
												"wrappy": "1.0.2"
											},
											"dependencies": {
												"wrappy": {
													"version": "1.0.2",
													"bundled": true
												}
											}
										},
										"inherits": {
											"version": "2.0.3",
											"bundled": true
										},
										"minimatch": {
											"version": "3.0.4",
											"bundled": true,
											"requires": {
												"brace-expansion": "1.1.8"
											},
											"dependencies": {
												"brace-expansion": {
													"version": "1.1.8",
													"bundled": true,
													"requires": {
														"balanced-match": "1.0.0",
														"concat-map": "0.0.1"
													},
													"dependencies": {
														"balanced-match": {
															"version": "1.0.0",
															"bundled": true
														},
														"concat-map": {
															"version": "0.0.1",
															"bundled": true
														}
													}
												}
											}
										},
										"once": {
											"version": "1.4.0",
											"bundled": true,
											"requires": {
												"wrappy": "1.0.2"
											},
											"dependencies": {
												"wrappy": {
													"version": "1.0.2",
													"bundled": true
												}
											}
										},
										"path-is-absolute": {
											"version": "1.0.1",
											"bundled": true
										}
									}
								}
							}
						},
						"semver": {
							"version": "5.4.1",
							"bundled": true
						},
						"tar": {
							"version": "2.2.1",
							"bundled": true,
							"requires": {
								"block-stream": "0.0.9",
								"fstream": "1.0.11",
								"inherits": "2.0.3"
							},
							"dependencies": {
								"block-stream": {
									"version": "0.0.9",
									"bundled": true,
									"requires": {
										"inherits": "2.0.3"
									}
								},
								"fstream": {
									"version": "1.0.11",
									"bundled": true,
									"requires": {
										"graceful-fs": "4.1.11",
										"inherits": "2.0.3",
										"mkdirp": "0.5.1",
										"rimraf": "2.6.2"
									},
									"dependencies": {
										"graceful-fs": {
											"version": "4.1.11",
											"bundled": true
										}
									}
								},
								"inherits": {
									"version": "2.0.3",
									"bundled": true
								}
							}
						},
						"tar-pack": {
							"version": "3.4.0",
							"bundled": true,
							"requires": {
								"debug": "2.6.9",
								"fstream": "1.0.11",
								"fstream-ignore": "1.0.5",
								"once": "1.4.0",
								"readable-stream": "2.3.3",
								"rimraf": "2.6.2",
								"tar": "2.2.1",
								"uid-number": "0.0.6"
							},
							"dependencies": {
								"debug": {
									"version": "2.6.9",
									"bundled": true,
									"requires": {
										"ms": "2.0.0"
									},
									"dependencies": {
										"ms": {
											"version": "2.0.0",
											"bundled": true
										}
									}
								},
								"fstream": {
									"version": "1.0.11",
									"bundled": true,
									"requires": {
										"graceful-fs": "4.1.11",
										"inherits": "2.0.3",
										"mkdirp": "0.5.1",
										"rimraf": "2.6.2"
									},
									"dependencies": {
										"graceful-fs": {
											"version": "4.1.11",
											"bundled": true
										},
										"inherits": {
											"version": "2.0.3",
											"bundled": true
										}
									}
								},
								"fstream-ignore": {
									"version": "1.0.5",
									"bundled": true,
									"requires": {
										"fstream": "1.0.11",
										"inherits": "2.0.3",
										"minimatch": "3.0.4"
									},
									"dependencies": {
										"inherits": {
											"version": "2.0.3",
											"bundled": true
										},
										"minimatch": {
											"version": "3.0.4",
											"bundled": true,
											"requires": {
												"brace-expansion": "1.1.8"
											},
											"dependencies": {
												"brace-expansion": {
													"version": "1.1.8",
													"bundled": true,
													"requires": {
														"balanced-match": "1.0.0",
														"concat-map": "0.0.1"
													},
													"dependencies": {
														"balanced-match": {
															"version": "1.0.0",
															"bundled": true
														},
														"concat-map": {
															"version": "0.0.1",
															"bundled": true
														}
													}
												}
											}
										}
									}
								},
								"once": {
									"version": "1.4.0",
									"bundled": true,
									"requires": {
										"wrappy": "1.0.2"
									},
									"dependencies": {
										"wrappy": {
											"version": "1.0.2",
											"bundled": true
										}
									}
								},
								"readable-stream": {
									"version": "2.3.3",
									"bundled": true,
									"requires": {
										"core-util-is": "1.0.2",
										"inherits": "2.0.3",
										"isarray": "1.0.0",
										"process-nextick-args": "1.0.7",
										"safe-buffer": "5.1.1",
										"string_decoder": "1.0.3",
										"util-deprecate": "1.0.2"
									},
									"dependencies": {
										"core-util-is": {
											"version": "1.0.2",
											"bundled": true
										},
										"inherits": {
											"version": "2.0.3",
											"bundled": true
										},
										"isarray": {
											"version": "1.0.0",
											"bundled": true
										},
										"process-nextick-args": {
											"version": "1.0.7",
											"bundled": true
										},
										"safe-buffer": {
											"version": "5.1.1",
											"bundled": true
										},
										"string_decoder": {
											"version": "1.0.3",
											"bundled": true,
											"requires": {
												"safe-buffer": "5.1.1"
											}
										},
										"util-deprecate": {
											"version": "1.0.2",
											"bundled": true
										}
									}
								},
								"uid-number": {
									"version": "0.0.6",
									"bundled": true
								}
							}
						}
					}
				}
			}
		},
		"terraformer": {
			"version": "1.0.8",
			"resolved": "https://registry.npmjs.org/terraformer/-/terraformer-1.0.8.tgz",
			"integrity": "sha1-UeCtiXRvzyFh3G9lqnDkI3fItZM=",
			"requires": {
				"@types/geojson": "1.0.3"
			}
		},
		"terraformer-wkt-parser": {
			"version": "1.1.2",
			"resolved": "https://registry.npmjs.org/terraformer-wkt-parser/-/terraformer-wkt-parser-1.1.2.tgz",
			"integrity": "sha1-M2oMj8gglKWv+DKI9prt7NNpvww=",
			"requires": {
				"terraformer": "1.0.8"
			}
		},
		"toposort-class": {
			"version": "1.0.1",
			"resolved": "https://registry.npmjs.org/toposort-class/-/toposort-class-1.0.1.tgz",
			"integrity": "sha1-f/0feMi+KMO6Rc1OGj9e4ZO9mYg="
		},
		"umzug": {
			"version": "2.0.1",
			"resolved": "https://registry.npmjs.org/umzug/-/umzug-2.0.1.tgz",
			"integrity": "sha1-29xH9FkjiFYilmgUwDaTwWnaRuc=",
			"requires": {
				"babel-runtime": "6.26.0",
				"bluebird": "3.5.0",
				"lodash": "4.17.4",
				"resolve": "1.4.0"
			}
		},
		"uuid": {
			"version": "3.1.0",
			"resolved": "https://registry.npmjs.org/uuid/-/uuid-3.1.0.tgz",
			"integrity": "sha512-DIWtzUkw04M4k3bf1IcpS2tngXEL26YUD2M0tMDUpnUrz2hgzUBlD55a4FjdLGPvfHxS6uluGWvaVEqgBcVa+g=="
		},
		"validator": {
			"version": "8.2.0",
			"resolved": "https://registry.npmjs.org/validator/-/validator-8.2.0.tgz",
			"integrity": "sha512-Yw5wW34fSv5spzTXNkokD6S6/Oq92d8q/t14TqsS3fAiA1RYnxSFSIZ+CY3n6PGGRCq5HhJTSepQvFUS2QUDxA=="
		},
		"wkx": {
			"version": "0.4.2",
			"resolved": "https://registry.npmjs.org/wkx/-/wkx-0.4.2.tgz",
			"integrity": "sha1-d201pjSlwi5lbkdEvetU+D/Szo0=",
			"requires": {
				"@types/node": "8.0.31"
			}
		}
	}
}
