{
	"name": "@atlas.js/braintree",
	"version": "2.0.1",
	"lockfileVersion": 1,
	"requires": true,
	"dependencies": {
		"@braintree/wrap-promise": {
			"version": "1.1.1",
			"resolved": "https://registry.npmjs.org/@braintree/wrap-promise/-/wrap-promise-1.1.1.tgz",
			"integrity": "sha1-0ix2hV5tS0ASYQBgQh+uGjfskLA="
		},
		"braintree": {
			"version": "2.12.0",
			"resolved": "https://registry.npmjs.org/braintree/-/braintree-2.12.0.tgz",
			"integrity": "sha512-NqHStkp+5yHvxO8cFdD55LzBEbQBIfeRfOcVSul8f+dmZwJQfpJ35COr5Hkk//ovfAcgqA0iPz00fuEt2hGIsw==",
			"requires": {
				"@braintree/wrap-promise": "1.1.1",
				"dateformat": "1.0.1-1.2.3",
				"depd": "~1.1.0",
				"readable-stream": "1.1.10",
				"semver": "5.1.0",
				"underscore": "1.8.3",
				"xml2js": "0.1.13"
			}
		},
		"core-util-is": {
			"version": "1.0.2",
			"resolved": "https://registry.npmjs.org/core-util-is/-/core-util-is-1.0.2.tgz",
			"integrity": "sha1-tf1UIgqivFq1eqtxQMlAdUUDwac="
		},
		"dateformat": {
			"version": "1.0.1-1.2.3",
			"resolved": "https://registry.npmjs.org/dateformat/-/dateformat-1.0.1-1.2.3.tgz",
			"integrity": "sha1-Ll0DA57KifnYeX+ZOJ3l+w9Kovw="
		},
		"debuglog": {
			"version": "0.0.2",
			"resolved": "https://registry.npmjs.org/debuglog/-/debuglog-0.0.2.tgz",
			"integrity": "sha1-bA3PB+LD90UkYpt0Fmi9RsezYus=",
			"optional": true
		},
		"depd": {
			"version": "1.1.2",
			"resolved": "https://registry.npmjs.org/depd/-/depd-1.1.2.tgz",
			"integrity": "sha1-m81S4UwJd2PnSbJ0xDRu0uVgtak="
		},
		"readable-stream": {
			"version": "1.1.10",
			"resolved": "https://registry.npmjs.org/readable-stream/-/readable-stream-1.1.10.tgz",
			"integrity": "sha1-1NwuUxnpyQ0eccaTkO9izZCCf2U=",
			"requires": {
				"core-util-is": "~1.0.0",
				"debuglog": "0.0.2",
				"string_decoder": "~0.10.x"
			}
		},
		"sax": {
			"version": "1.2.4",
			"resolved": "https://registry.npmjs.org/sax/-/sax-1.2.4.tgz",
			"integrity": "sha512-NqVDv9TpANUjFm0N8uM5GxL36UgKi9/atZw+x7YFnQ8ckwFGKrl4xX4yWtrey3UJm5nP1kUbnYgLopqWNSRhWw=="
		},
		"semver": {
			"version": "5.1.0",
			"resolved": "https://registry.npmjs.org/semver/-/semver-5.1.0.tgz",
			"integrity": "sha1-hfLPhVBGXE3wAM99hvawVBBqueU="
		},
		"string_decoder": {
			"version": "0.10.31",
			"resolved": "https://registry.npmjs.org/string_decoder/-/string_decoder-0.10.31.tgz",
			"integrity": "sha1-YuIDvEF2bGwoyfyEMB2rHFMQ+pQ="
		},
		"underscore": {
			"version": "1.8.3",
			"resolved": "https://registry.npmjs.org/underscore/-/underscore-1.8.3.tgz",
			"integrity": "sha1-Tz+1OxBuYJf8+ctBCfKl6b36UCI="
		},
		"xml2js": {
			"version": "0.1.13",
			"resolved": "https://registry.npmjs.org/xml2js/-/xml2js-0.1.13.tgz",
			"integrity": "sha1-Q4/zsdhaUa1ln/wuvoNAPhDJhyI=",
			"requires": {
				"sax": ">=0.1.1"
			}
		}
	}
}
