{
	"requires": true,
	"lockfileVersion": 1,
	"dependencies": {
		"nodemailer": {
			"version": "4.1.1",
			"resolved": "https://registry.npmjs.org/nodemailer/-/nodemailer-4.1.1.tgz",
			"integrity": "sha512-yLKoPqqcUiRc+Yrnc5B+BGnuU+LdkkT5ZZF0moO9l2nhvLUL+W3oxfwEaPK1+Aspf4Yx2tM//IZh422px9dxAA=="
		}
	}
}
