{
	"requires": true,
	"lockfileVersion": 1,
	"dependencies": {
		"nodemailer": {
			"version": "4.3.0",
			"resolved": "https://registry.npmjs.org/nodemailer/-/nodemailer-4.3.0.tgz",
			"integrity": "sha512-+/fZUhto12S2xsRGTUQuzCVjV94f4knH+gbbVc3+zxrSWZUIKKBok+JEIcPPQB8ePD0eej2ZU/pT7N+t0DM2vA=="
		}
	}
}
