{
	"requires": true,
	"lockfileVersion": 1,
	"dependencies": {
		"nodemailer": {
			"version": "4.6.5",
			"resolved": "https://registry.npmjs.org/nodemailer/-/nodemailer-4.6.5.tgz",
			"integrity": "sha512-+bt+BgmnOXDz1uIaWXfXuTESth8UHkhtu7+X8+X2W+CHAn0AuuCyCk854qnathYQLWEC2jkpx7/pkVHcfmLKDw=="
		}
	}
}
